
Microsoft Visual Studio Solution File, Format Version 12.00
# Visual Studio Version 17
VisualStudioVersion = 17.5.002.0
MinimumVisualStudioVersion = 10.0.40219.1
Project("{9A19103F-16F7-4668-BE54-9A1E7A4F7556}") = "Yoko", "Yoko.csproj", "{4C26F102-8FDC-4057-AD47-BC324170D0FB}"
EndProject
Global
	GlobalSection(SolutionConfigurationPlatforms) = preSolution
		Debug|Any CPU = Debug|Any CPU
		Release|Any CPU = Release|Any CPU
	EndGlobalSection
	GlobalSection(ProjectConfigurationPlatforms) = postSolution
		{4C26F102-8FDC-4057-AD47-BC324170D0FB}.Debug|Any CPU.ActiveCfg = Debug|Any CPU
		{4C26F102-8FDC-4057-AD47-BC324170D0FB}.Debug|Any CPU.Build.0 = Debug|Any CPU
		{4C26F102-8FDC-4057-AD47-BC324170D0FB}.Release|Any CPU.ActiveCfg = Release|Any CPU
		{4C26F102-8FDC-4057-AD47-BC324170D0FB}.Release|Any CPU.Build.0 = Release|Any CPU
	EndGlobalSection
	GlobalSection(SolutionProperties) = preSolution
		HideSolutionNode = FALSE
	EndGlobalSection
	GlobalSection(ExtensibilityGlobals) = postSolution
		SolutionGuid = {3A40F9F1-D681-47AB-B5FF-F78845CA9429}
	EndGlobalSection
EndGlobal
